github.com/go-mswin/win32 v0.5.0 h1:QQGNJAR7IG5DZ/ZlQ9ASSl07pJN85xNzp/RIfA+f7Yk=
github.com/go-mswin/win32 v0.5.0/go.mod h1:tCVmiQ+p8Y9xa+aCKRxGtuMFNG6vaHvZ5LXbNAahzNs=
golang.org/x/sys v0.48.0 h1:bbX/i/6MgT9BVLM9RT1thmxL04yeTAhbEz4SyadbXoo=
golang.org/x/sys v0.48.0/go.mod h1:hNLxWAXmnKAxqDtdwIYC4bM9oQPEecfsnNMuSxOs3og=
